
Microsoft Visual Studio Solution File, Format Version 12.00
# Visual Studio Version 17
Project("{8BC9CEB8-8B4A-11D0-8D11-00A0C91BC942}") = "TestLibTorch", "TestLibTorch.vcxproj", "{5ACC4EE9-BB50-3C7C-8DD5-8C08F40A422E}"
	ProjectSection(ProjectDependencies) = postProject
		{9E05F09F-B066-3FC6-B285-F1254086A6D7} = {9E05F09F-B066-3FC6-B285-F1254086A6D7}
	EndProjectSection
EndProject
Project("{8BC9CEB8-8B4A-11D0-8D11-00A0C91BC942}") = "ALL_BUILD", "ALL_BUILD.vcxproj", "{86AF4915-0F83-3F38-926E-10C53A910248}"
	ProjectSection(ProjectDependencies) = postProject
		{5ACC4EE9-BB50-3C7C-8DD5-8C08F40A422E} = {5ACC4EE9-BB50-3C7C-8DD5-8C08F40A422E}
		{9E05F09F-B066-3FC6-B285-F1254086A6D7} = {9E05F09F-B066-3FC6-B285-F1254086A6D7}
	EndProjectSection
EndProject
Project("{8BC9CEB8-8B4A-11D0-8D11-00A0C91BC942}") = "ZERO_CHECK", "ZERO_CHECK.vcxproj", "{9E05F09F-B066-3FC6-B285-F1254086A6D7}"
	ProjectSection(ProjectDependencies) = postProject
	EndProjectSection
EndProject
Global
	GlobalSection(SolutionConfigurationPlatforms) = preSolution
		Debug|x64 = Debug|x64
		Release|x64 = Release|x64
		MinSizeRel|x64 = MinSizeRel|x64
		RelWithDebInfo|x64 = RelWithDebInfo|x64
	EndGlobalSection
	GlobalSection(ProjectConfigurationPlatforms) = postSolution
		{5ACC4EE9-BB50-3C7C-8DD5-8C08F40A422E}.Debug|x64.ActiveCfg = Debug|x64
		{5ACC4EE9-BB50-3C7C-8DD5-8C08F40A422E}.Debug|x64.Build.0 = Debug|x64
		{5ACC4EE9-BB50-3C7C-8DD5-8C08F40A422E}.Release|x64.ActiveCfg = Release|x64
		{5ACC4EE9-BB50-3C7C-8DD5-8C08F40A422E}.Release|x64.Build.0 = Release|x64
		{5ACC4EE9-BB50-3C7C-8DD5-8C08F40A422E}.MinSizeRel|x64.ActiveCfg = MinSizeRel|x64
		{5ACC4EE9-BB50-3C7C-8DD5-8C08F40A422E}.MinSizeRel|x64.Build.0 = MinSizeRel|x64
		{5ACC4EE9-BB50-3C7C-8DD5-8C08F40A422E}.RelWithDebInfo|x64.ActiveCfg = RelWithDebInfo|x64
		{5ACC4EE9-BB50-3C7C-8DD5-8C08F40A422E}.RelWithDebInfo|x64.Build.0 = RelWithDebInfo|x64
		{86AF4915-0F83-3F38-926E-10C53A910248}.Debug|x64.ActiveCfg = Debug|x64
		{86AF4915-0F83-3F38-926E-10C53A910248}.Release|x64.ActiveCfg = Release|x64
		{86AF4915-0F83-3F38-926E-10C53A910248}.MinSizeRel|x64.ActiveCfg = MinSizeRel|x64
		{86AF4915-0F83-3F38-926E-10C53A910248}.RelWithDebInfo|x64.ActiveCfg = RelWithDebInfo|x64
		{9E05F09F-B066-3FC6-B285-F1254086A6D7}.Debug|x64.ActiveCfg = Debug|x64
		{9E05F09F-B066-3FC6-B285-F1254086A6D7}.Debug|x64.Build.0 = Debug|x64
		{9E05F09F-B066-3FC6-B285-F1254086A6D7}.Release|x64.ActiveCfg = Release|x64
		{9E05F09F-B066-3FC6-B285-F1254086A6D7}.Release|x64.Build.0 = Release|x64
		{9E05F09F-B066-3FC6-B285-F1254086A6D7}.MinSizeRel|x64.ActiveCfg = MinSizeRel|x64
		{9E05F09F-B066-3FC6-B285-F1254086A6D7}.MinSizeRel|x64.Build.0 = MinSizeRel|x64
		{9E05F09F-B066-3FC6-B285-F1254086A6D7}.RelWithDebInfo|x64.ActiveCfg = RelWithDebInfo|x64
		{9E05F09F-B066-3FC6-B285-F1254086A6D7}.RelWithDebInfo|x64.Build.0 = RelWithDebInfo|x64
	EndGlobalSection
	GlobalSection(ExtensibilityGlobals) = postSolution
		SolutionGuid = {51DC75F0-CD61-3610-A8BC-237AF047F5F3}
	EndGlobalSection
	GlobalSection(ExtensibilityAddIns) = postSolution
	EndGlobalSection
EndGlobal
